
Microsoft Visual Studio Solution File, Format Version 12.00
# Visual Studio Version 17
VisualStudioVersion = 17.8.34322.80
MinimumVisualStudioVersion = 10.0.40219.1
Project("{C7167F0D-BC9F-4E6E-AFE1-012C56B48DB5}") = "Hello World (Package)", "Hello World (Package)\Hello World (Package).wapproj", "{1517F7FB-453F-471B-8373-05444430AA7C}"
EndProject
Project("{FAE04EC0-301F-11D3-BF4B-00C04F79EFBC}") = "Hello World", "Hello World\Hello World.csproj", "{A6158F7F-A0E9-4C5B-AC08-74CB0AE17AAB}"
EndProject
Global
	GlobalSection(SolutionConfigurationPlatforms) = preSolution
		Debug|ARM64 = Debug|ARM64
		Debug|x64 = Debug|x64
		Debug|x86 = Debug|x86
		Release|ARM64 = Release|ARM64
		Release|x64 = Release|x64
		Release|x86 = Release|x86
	EndGlobalSection
	GlobalSection(ProjectConfigurationPlatforms) = postSolution
		{1517F7FB-453F-471B-8373-05444430AA7C}.Debug|ARM64.ActiveCfg = Debug|ARM64
		{1517F7FB-453F-471B-8373-05444430AA7C}.Debug|ARM64.Build.0 = Debug|ARM64
		{1517F7FB-453F-471B-8373-05444430AA7C}.Debug|ARM64.Deploy.0 = Debug|ARM64
		{1517F7FB-453F-471B-8373-05444430AA7C}.Debug|x64.ActiveCfg = Debug|x64
		{1517F7FB-453F-471B-8373-05444430AA7C}.Debug|x64.Build.0 = Debug|x64
		{1517F7FB-453F-471B-8373-05444430AA7C}.Debug|x64.Deploy.0 = Debug|x64
		{1517F7FB-453F-471B-8373-05444430AA7C}.Debug|x86.ActiveCfg = Debug|x86
		{1517F7FB-453F-471B-8373-05444430AA7C}.Debug|x86.Build.0 = Debug|x86
		{1517F7FB-453F-471B-8373-05444430AA7C}.Debug|x86.Deploy.0 = Debug|x86
		{1517F7FB-453F-471B-8373-05444430AA7C}.Release|ARM64.ActiveCfg = Release|ARM64
		{1517F7FB-453F-471B-8373-05444430AA7C}.Release|ARM64.Build.0 = Release|ARM64
		{1517F7FB-453F-471B-8373-05444430AA7C}.Release|ARM64.Deploy.0 = Release|ARM64
		{1517F7FB-453F-471B-8373-05444430AA7C}.Release|x64.ActiveCfg = Release|x64
		{1517F7FB-453F-471B-8373-05444430AA7C}.Release|x64.Build.0 = Release|x64
		{1517F7FB-453F-471B-8373-05444430AA7C}.Release|x64.Deploy.0 = Release|x64
		{1517F7FB-453F-471B-8373-05444430AA7C}.Release|x86.ActiveCfg = Release|x86
		{1517F7FB-453F-471B-8373-05444430AA7C}.Release|x86.Build.0 = Release|x86
		{1517F7FB-453F-471B-8373-05444430AA7C}.Release|x86.Deploy.0 = Release|x86
		{A6158F7F-A0E9-4C5B-AC08-74CB0AE17AAB}.Debug|ARM64.ActiveCfg = Debug|ARM64
		{A6158F7F-A0E9-4C5B-AC08-74CB0AE17AAB}.Debug|ARM64.Build.0 = Debug|ARM64
		{A6158F7F-A0E9-4C5B-AC08-74CB0AE17AAB}.Debug|x64.ActiveCfg = Debug|x64
		{A6158F7F-A0E9-4C5B-AC08-74CB0AE17AAB}.Debug|x64.Build.0 = Debug|x64
		{A6158F7F-A0E9-4C5B-AC08-74CB0AE17AAB}.Debug|x86.ActiveCfg = Debug|x86
		{A6158F7F-A0E9-4C5B-AC08-74CB0AE17AAB}.Debug|x86.Build.0 = Debug|x86
		{A6158F7F-A0E9-4C5B-AC08-74CB0AE17AAB}.Release|ARM64.ActiveCfg = Release|ARM64
		{A6158F7F-A0E9-4C5B-AC08-74CB0AE17AAB}.Release|ARM64.Build.0 = Release|ARM64
		{A6158F7F-A0E9-4C5B-AC08-74CB0AE17AAB}.Release|x64.ActiveCfg = Release|x64
		{A6158F7F-A0E9-4C5B-AC08-74CB0AE17AAB}.Release|x64.Build.0 = Release|x64
		{A6158F7F-A0E9-4C5B-AC08-74CB0AE17AAB}.Release|x86.ActiveCfg = Release|x86
		{A6158F7F-A0E9-4C5B-AC08-74CB0AE17AAB}.Release|x86.Build.0 = Release|x86
	EndGlobalSection
	GlobalSection(SolutionProperties) = preSolution
		HideSolutionNode = FALSE
	EndGlobalSection
	GlobalSection(ExtensibilityGlobals) = postSolution
		SolutionGuid = {5C65B03E-9E86-4C5E-8680-1AB9A9E50532}
	EndGlobalSection
EndGlobal
